// !$*UTF8*$!
{
	archiveVersion = 1;
	classes = {
	};
	objectVersion = 46;
	objects = {

/* Begin PBXBuildFile section */
		9EC1595E1B70770B00E4F959 /* AppDelegate.swift in Sources */ = {isa = PBXBuildFile; fileRef = 9EC1595D1B70770B00E4F959 /* AppDelegate.swift */; };
		9EC159601B70770B00E4F959 /* ViewController.swift in Sources */ = {isa = PBXBuildFile; fileRef = 9EC1595F1B70770B00E4F959 /* ViewController.swift */; };
		9EC159631B70770B00E4F959 /* Main.storyboard in Resources */ = {isa = PBXBuildFile; fileRef = 9EC159611B70770B00E4F959 /* Main.storyboard */; };
		9EC159651B70770B00E4F959 /* Images.xcassets in Resources */ = {isa = PBXBuildFile; fileRef = 9EC159641B70770B00E4F959 /* Images.xcassets */; };
		9EC159681B70770B00E4F959 /* LaunchScreen.xib in Resources */ = {isa = PBXBuildFile; fileRef = 9EC159661B70770B00E4F959 /* LaunchScreen.xib */; };
		9EC159741B70770B00E4F959 /* TwitterCloneTests.swift in Sources */ = {isa = PBXBuildFile; fileRef = 9EC159731B70770B00E4F959 /* TwitterCloneTests.swift */; };
		9EC159811B7077B200E4F959 /* Tweet.swift in Sources */ = {isa = PBXBuildFile; fileRef = 9EC159801B7077B200E4F959 /* Tweet.swift */; };
		9EC159831B70783200E4F959 /* TweetJSONParser.swift in Sources */ = {isa = PBXBuildFile; fileRef = 9EC159821B70783200E4F959 /* TweetJSONParser.swift */; };
		9EC159871B712A5300E4F959 /* tweet.json in Resources */ = {isa = PBXBuildFile; fileRef = 9EC159861B712A5300E4F959 /* tweet.json */; };
/* End PBXBuildFile section */

/* Begin PBXContainerItemProxy section */
		9EC1596E1B70770B00E4F959 /* PBXContainerItemProxy */ = {
			isa = PBXContainerItemProxy;
			containerPortal = 9EC159501B70770A00E4F959 /* Project object */;
			proxyType = 1;
			remoteGlobalIDString = 9EC159571B70770A00E4F959;
			remoteInfo = TwitterClone;
		};
/* End PBXContainerItemProxy section */

/* Begin PBXFileReference section */
		9EC159581B70770B00E4F959 /* TwitterClone.app */ = {isa = PBXFileReference; explicitFileType = wrapper.application; includeInIndex = 0; path = TwitterClone.app; sourceTree = BUILT_PRODUCTS_DIR; };
		9EC1595C1B70770B00E4F959 /* Info.plist */ = {isa = PBXFileReference; lastKnownFileType = text.plist.xml; path = Info.plist; sourceTree = "<group>"; };
		9EC1595D1B70770B00E4F959 /* AppDelegate.swift */ = {isa = PBXFileReference; lastKnownFileType = sourcecode.swift; path = AppDelegate.swift; sourceTree = "<group>"; };
		9EC1595F1B70770B00E4F959 /* ViewController.swift */ = {isa = PBXFileReference; lastKnownFileType = sourcecode.swift; path = ViewController.swift; sourceTree = "<group>"; };
		9EC159621B70770B00E4F959 /* Base */ = {isa = PBXFileReference; lastKnownFileType = file.storyboard; name = Base; path = Base.lproj/Main.storyboard; sourceTree = "<group>"; };
		9EC159641B70770B00E4F959 /* Images.xcassets */ = {isa = PBXFileReference; lastKnownFileType = folder.assetcatalog; path = Images.xcassets; sourceTree = "<group>"; };
		9EC159671B70770B00E4F959 /* Base */ = {isa = PBXFileReference; lastKnownFileType = file.xib; name = Base; path = Base.lproj/LaunchScreen.xib; sourceTree = "<group>"; };
		9EC1596D1B70770B00E4F959 /* TwitterCloneTests.xctest */ = {isa = PBXFileReference; explicitFileType = wrapper.cfbundle; includeInIndex = 0; path = TwitterCloneTests.xctest; sourceTree = BUILT_PRODUCTS_DIR; };
		9EC159721B70770B00E4F959 /* Info.plist */ = {isa = PBXFileReference; lastKnownFileType = text.plist.xml; path = Info.plist; sourceTree = "<group>"; };
		9EC159731B70770B00E4F959 /* TwitterCloneTests.swift */ = {isa = PBXFileReference; lastKnownFileType = sourcecode.swift; path = TwitterCloneTests.swift; sourceTree = "<group>"; };
		9EC159801B7077B200E4F959 /* Tweet.swift */ = {isa = PBXFileReference; fileEncoding = 4; lastKnownFileType = sourcecode.swift; path = Tweet.swift; sourceTree = "<group>"; };
		9EC159821B70783200E4F959 /* TweetJSONParser.swift */ = {isa = PBXFileReference; fileEncoding = 4; lastKnownFileType = sourcecode.swift; path = TweetJSONParser.swift; sourceTree = "<group>"; };
		9EC159861B712A5300E4F959 /* tweet.json */ = {isa = PBXFileReference; fileEncoding = 4; lastKnownFileType = text.json; path = tweet.json; sourceTree = "<group>"; };
/* End PBXFileReference section */

/* Begin PBXFrameworksBuildPhase section */
		9EC159551B70770A00E4F959 /* Frameworks */ = {
			isa = PBXFrameworksBuildPhase;
			buildActionMask = 2147483647;
			files = (
			);
			runOnlyForDeploymentPostprocessing = 0;
		};
		9EC1596A1B70770B00E4F959 /* Frameworks */ = {
			isa = PBXFrameworksBuildPhase;
			buildActionMask = 2147483647;
			files = (
			);
			runOnlyForDeploymentPostprocessing = 0;
		};
/* End PBXFrameworksBuildPhase section */

/* Begin PBXGroup section */
		9EC1594F1B70770A00E4F959 = {
			isa = PBXGroup;
			children = (
				9EC1595A1B70770B00E4F959 /* TwitterClone */,
				9EC159701B70770B00E4F959 /* TwitterCloneTests */,
				9EC159591B70770B00E4F959 /* Products */,
			);
			sourceTree = "<group>";
		};
		9EC159591B70770B00E4F959 /* Products */ = {
			isa = PBXGroup;
			children = (
				9EC159581B70770B00E4F959 /* TwitterClone.app */,
				9EC1596D1B70770B00E4F959 /* TwitterCloneTests.xctest */,
			);
			name = Products;
			sourceTree = "<group>";
		};
		9EC1595A1B70770B00E4F959 /* TwitterClone */ = {
			isa = PBXGroup;
			children = (
				9EC1597F1B70774A00E4F959 /* Model */,
				9EC1597E1B70773400E4F959 /* Controller */,
				9EC1597D1B70771D00E4F959 /* View */,
				9EC159641B70770B00E4F959 /* Images.xcassets */,
				9EC159661B70770B00E4F959 /* LaunchScreen.xib */,
				9EC1595D1B70770B00E4F959 /* AppDelegate.swift */,
				9EC1595B1B70770B00E4F959 /* Supporting Files */,
			);
			path = TwitterClone;
			sourceTree = "<group>";
		};
		9EC1595B1B70770B00E4F959 /* Supporting Files */ = {
			isa = PBXGroup;
			children = (
				9EC159861B712A5300E4F959 /* tweet.json */,
				9EC1595C1B70770B00E4F959 /* Info.plist */,
			);
			name = "Supporting Files";
			sourceTree = "<group>";
		};
		9EC159701B70770B00E4F959 /* TwitterCloneTests */ = {
			isa = PBXGroup;
			children = (
				9EC159731B70770B00E4F959 /* TwitterCloneTests.swift */,
				9EC159711B70770B00E4F959 /* Supporting Files */,
			);
			path = TwitterCloneTests;
			sourceTree = "<group>";
		};
		9EC159711B70770B00E4F959 /* Supporting Files */ = {
			isa = PBXGroup;
			children = (
				9EC159721B70770B00E4F959 /* Info.plist */,
			);
			name = "Supporting Files";
			sourceTree = "<group>";
		};
		9EC1597D1B70771D00E4F959 /* View */ = {
			isa = PBXGroup;
			children = (
				9EC159611B70770B00E4F959 /* Main.storyboard */,
			);
			name = View;
			sourceTree = "<group>";
		};
		9EC1597E1B70773400E4F959 /* Controller */ = {
			isa = PBXGroup;
			children = (
				9EC1595F1B70770B00E4F959 /* ViewController.swift */,
			);
			name = Controller;
			sourceTree = "<group>";
		};
		9EC1597F1B70774A00E4F959 /* Model */ = {
			isa = PBXGroup;
			children = (
				9EC159801B7077B200E4F959 /* Tweet.swift */,
				9EC159821B70783200E4F959 /* TweetJSONParser.swift */,
			);
			name = Model;
			sourceTree = "<group>";
		};
/* End PBXGroup section */

/* Begin PBXNativeTarget section */
		9EC159571B70770A00E4F959 /* TwitterClone */ = {
			isa = PBXNativeTarget;
			buildConfigurationList = 9EC159771B70770B00E4F959 /* Build configuration list for PBXNativeTarget "TwitterClone" */;
			buildPhases = (
				9EC159541B70770A00E4F959 /* Sources */,
				9EC159551B70770A00E4F959 /* Frameworks */,
				9EC159561B70770A00E4F959 /* Resources */,
			);
			buildRules = (
			);
			dependencies = (
			);
			name = TwitterClone;
			productName = TwitterClone;
			productReference = 9EC159581B70770B00E4F959 /* TwitterClone.app */;
			productType = "com.apple.product-type.application";
		};
		9EC1596C1B70770B00E4F959 /* TwitterCloneTests */ = {
			isa = PBXNativeTarget;
			buildConfigurationList = 9EC1597A1B70770B00E4F959 /* Build configuration list for PBXNativeTarget "TwitterCloneTests" */;
			buildPhases = (
				9EC159691B70770B00E4F959 /* Sources */,
				9EC1596A1B70770B00E4F959 /* Frameworks */,
				9EC1596B1B70770B00E4F959 /* Resources */,
			);
			buildRules = (
			);
			dependencies = (
				9EC1596F1B70770B00E4F959 /* PBXTargetDependency */,
			);
			name = TwitterCloneTests;
			productName = TwitterCloneTests;
			productReference = 9EC1596D1B70770B00E4F959 /* TwitterCloneTests.xctest */;
			productType = "com.apple.product-type.bundle.unit-test";
		};
/* End PBXNativeTarget section */

/* Begin PBXProject section */
		9EC159501B70770A00E4F959 /* Project object */ = {
			isa = PBXProject;
			attributes = {
				LastUpgradeCheck = 0630;
				ORGANIZATIONNAME = MysterioGroupSoftware;
				TargetAttributes = {
					9EC159571B70770A00E4F959 = {
						CreatedOnToolsVersion = 6.3.1;
					};
					9EC1596C1B70770B00E4F959 = {
						CreatedOnToolsVersion = 6.3.1;
						TestTargetID = 9EC159571B70770A00E4F959;
					};
				};
			};
			buildConfigurationList = 9EC159531B70770A00E4F959 /* Build configuration list for PBXProject "TwitterClone" */;
			compatibilityVersion = "Xcode 3.2";
			developmentRegion = English;
			hasScannedForEncodings = 0;
			knownRegions = (
				en,
				Base,
			);
			mainGroup = 9EC1594F1B70770A00E4F959;
			productRefGroup = 9EC159591B70770B00E4F959 /* Products */;
			projectDirPath = "";
			projectRoot = "";
			targets = (
				9EC159571B70770A00E4F959 /* TwitterClone */,
				9EC1596C1B70770B00E4F959 /* TwitterCloneTests */,
			);
		};
/* End PBXProject section */

/* Begin PBXResourcesBuildPhase section */
		9EC159561B70770A00E4F959 /* Resources */ = {
			isa = PBXResourcesBuildPhase;
			buildActionMask = 2147483647;
			files = (
				9EC159631B70770B00E4F959 /* Main.storyboard in Resources */,
				9EC159681B70770B00E4F959 /* LaunchScreen.xib in Resources */,
				9EC159651B70770B00E4F959 /* Images.xcassets in Resources */,
				9EC159871B712A5300E4F959 /* tweet.json in Resources */,
			);
			runOnlyForDeploymentPostprocessing = 0;
		};
		9EC1596B1B70770B00E4F959 /* Resources */ = {
			isa = PBXResourcesBuildPhase;
			buildActionMask = 2147483647;
			files = (
			);
			runOnlyForDeploymentPostprocessing = 0;
		};
/* End PBXResourcesBuildPhase section */

/* Begin PBXSourcesBuildPhase section */
		9EC159541B70770A00E4F959 /* Sources */ = {
			isa = PBXSourcesBuildPhase;
			buildActionMask = 2147483647;
			files = (
				9EC159831B70783200E4F959 /* TweetJSONParser.swift in Sources */,
				9EC159811B7077B200E4F959 /* Tweet.swift in Sources */,
				9EC159601B70770B00E4F959 /* ViewController.swift in Sources */,
				9EC1595E1B70770B00E4F959 /* AppDelegate.swift in Sources */,
			);
			runOnlyForDeploymentPostprocessing = 0;
		};
		9EC159691B70770B00E4F959 /* Sources */ = {
			isa = PBXSourcesBuildPhase;
			buildActionMask = 2147483647;
			files = (
				9EC159741B70770B00E4F959 /* TwitterCloneTests.swift in Sources */,
			);
			runOnlyForDeploymentPostprocessing = 0;
		};
/* End PBXSourcesBuildPhase section */

/* Begin PBXTargetDependency section */
		9EC1596F1B70770B00E4F959 /* PBXTargetDependency */ = {
			isa = PBXTargetDependency;
			target = 9EC159571B70770A00E4F959 /* TwitterClone */;
			targetProxy = 9EC1596E1B70770B00E4F959 /* PBXContainerItemProxy */;
		};
/* End PBXTargetDependency section */

/* Begin PBXVariantGroup section */
		9EC159611B70770B00E4F959 /* Main.storyboard */ = {
			isa = PBXVariantGroup;
			children = (
				9EC159621B70770B00E4F959 /* Base */,
			);
			name = Main.storyboard;
			sourceTree = "<group>";
		};
		9EC159661B70770B00E4F959 /* LaunchScreen.xib */ = {
			isa = PBXVariantGroup;
			children = (
				9EC159671B70770B00E4F959 /* Base */,
			);
			name = LaunchScreen.xib;
			sourceTree = "<group>";
		};
/* End PBXVariantGroup section */

/* Begin XCBuildConfiguration section */
		9EC159751B70770B00E4F959 /* Debug */ = {
			isa = XCBuildConfiguration;
			buildSettings = {
				ALWAYS_SEARCH_USER_PATHS = NO;
				CLANG_CXX_LANGUAGE_STANDARD = "gnu++0x";
				CLANG_CXX_LIBRARY = "libc++";
				CLANG_ENABLE_MODULES = YES;
				CLANG_ENABLE_OBJC_ARC = YES;
				CLANG_WARN_BOOL_CONVERSION = YES;
				CLANG_WARN_CONSTANT_CONVERSION = YES;
				CLANG_WARN_DIRECT_OBJC_ISA_USAGE = YES_ERROR;
				CLANG_WARN_EMPTY_BODY = YES;
				CLANG_WARN_ENUM_CONVERSION = YES;
				CLANG_WARN_INT_CONVERSION = YES;
				CLANG_WARN_OBJC_ROOT_CLASS = YES_ERROR;
				CLANG_WARN_UNREACHABLE_CODE = YES;
				CLANG_WARN__DUPLICATE_METHOD_MATCH = YES;
				"CODE_SIGN_IDENTITY[sdk=iphoneos*]" = "iPhone Developer";
				COPY_PHASE_STRIP = NO;
				DEBUG_INFORMATION_FORMAT = "dwarf-with-dsym";
				ENABLE_STRICT_OBJC_MSGSEND = YES;
				GCC_C_LANGUAGE_STANDARD = gnu99;
				GCC_DYNAMIC_NO_PIC = NO;
				GCC_NO_COMMON_BLOCKS = YES;
				GCC_OPTIMIZATION_LEVEL = 0;
				GCC_PREPROCESSOR_DEFINITIONS = (
					"DEBUG=1",
					"$(inherited)",
				);
				GCC_SYMBOLS_PRIVATE_EXTERN = NO;
				GCC_WARN_64_TO_32_BIT_CONVERSION = YES;
				GCC_WARN_ABOUT_RETURN_TYPE = YES_ERROR;
				GCC_WARN_UNDECLARED_SELECTOR = YES;
				GCC_WARN_UNINITIALIZED_AUTOS = YES_AGGRESSIVE;
				GCC_WARN_UNUSED_FUNCTION = YES;
				GCC_WARN_UNUSED_VARIABLE = YES;
				IPHONEOS_DEPLOYMENT_TARGET = 8.3;
				MTL_ENABLE_DEBUG_INFO = YES;
				ONLY_ACTIVE_ARCH = YES;
				SDKROOT = iphoneos;
				SWIFT_OPTIMIZATION_LEVEL = "-Onone";
				TARGETED_DEVICE_FAMILY = "1,2";
			};
			name = Debug;
		};
		9EC159761B70770B00E4F959 /* Release */ = {
			isa = XCBuildConfiguration;
			buildSettings = {
				ALWAYS_SEARCH_USER_PATHS = NO;
				CLANG_CXX_LANGUAGE_STANDARD = "gnu++0x";
				CLANG_CXX_LIBRARY = "libc++";
				CLANG_ENABLE_MODULES = YES;
				CLANG_ENABLE_OBJC_ARC = YES;
				CLANG_WARN_BOOL_CONVERSION = YES;
				CLANG_WARN_CONSTANT_CONVERSION = YES;
				CLANG_WARN_DIRECT_OBJC_ISA_USAGE = YES_ERROR;
				CLANG_WARN_EMPTY_BODY = YES;
				CLANG_WARN_ENUM_CONVERSION = YES;
				CLANG_WARN_INT_CONVERSION = YES;
				CLANG_WARN_OBJC_ROOT_CLASS = YES_ERROR;
				CLANG_WARN_UNREACHABLE_CODE = YES;
				CLANG_WARN__DUPLICATE_METHOD_MATCH = YES;
				"CODE_SIGN_IDENTITY[sdk=iphoneos*]" = "iPhone Developer";
				COPY_PHASE_STRIP = NO;
				DEBUG_INFORMATION_FORMAT = "dwarf-with-dsym";
				ENABLE_NS_ASSERTIONS = NO;
				ENABLE_STRICT_OBJC_MSGSEND = YES;
				GCC_C_LANGUAGE_STANDARD = gnu99;
				GCC_NO_COMMON_BLOCKS = YES;
				GCC_WARN_64_TO_32_BIT_CONVERSION = YES;
				GCC_WARN_ABOUT_RETURN_TYPE = YES_ERROR;
				GCC_WARN_UNDECLARED_SELECTOR = YES;
				GCC_WARN_UNINITIALIZED_AUTOS = YES_AGGRESSIVE;
				GCC_WARN_UNUSED_FUNCTION = YES;
				GCC_WARN_UNUSED_VARIABLE = YES;
				IPHONEOS_DEPLOYMENT_TARGET = 8.3;
				MTL_ENABLE_DEBUG_INFO = NO;
				SDKROOT = iphoneos;
				TARGETED_DEVICE_FAMILY = "1,2";
				VALIDATE_PRODUCT = YES;
			};
			name = Release;
		};
		9EC159781B70770B00E4F959 /* Debug */ = {
			isa = XCBuildConfiguration;
			buildSettings = {
				ASSETCATALOG_COMPILER_APPICON_NAME = AppIcon;
				INFOPLIST_FILE = TwitterClone/Info.plist;
				LD_RUNPATH_SEARCH_PATHS = "$(inherited) @executable_path/Frameworks";
				PRODUCT_NAME = "$(TARGET_NAME)";
			};
			name = Debug;
		};
		9EC159791B70770B00E4F959 /* Release */ = {
			isa = XCBuildConfiguration;
			buildSettings = {
				ASSETCATALOG_COMPILER_APPICON_NAME = AppIcon;
				INFOPLIST_FILE = TwitterClone/Info.plist;
				LD_RUNPATH_SEARCH_PATHS = "$(inherited) @executable_path/Frameworks";
				PRODUCT_NAME = "$(TARGET_NAME)";
			};
			name = Release;
		};
		9EC1597B1B70770B00E4F959 /* Debug */ = {
			isa = XCBuildConfiguration;
			buildSettings = {
				BUNDLE_LOADER = "$(TEST_HOST)";
				FRAMEWORK_SEARCH_PATHS = (
					"$(SDKROOT)/Developer/Library/Frameworks",
					"$(inherited)",
				);
				GCC_PREPROCESSOR_DEFINITIONS = (
					"DEBUG=1",
					"$(inherited)",
				);
				INFOPLIST_FILE = TwitterCloneTests/Info.plist;
				LD_RUNPATH_SEARCH_PATHS = "$(inherited) @executable_path/Frameworks @loader_path/Frameworks";
				PRODUCT_NAME = "$(TARGET_NAME)";
				TEST_HOST = "$(BUILT_PRODUCTS_DIR)/TwitterClone.app/TwitterClone";
			};
			name = Debug;
		};
		9EC1597C1B70770B00E4F959 /* Release */ = {
			isa = XCBuildConfiguration;
			buildSettings = {
				BUNDLE_LOADER = "$(TEST_HOST)";
				FRAMEWORK_SEARCH_PATHS = (
					"$(SDKROOT)/Developer/Library/Frameworks",
					"$(inherited)",
				);
				INFOPLIST_FILE = TwitterCloneTests/Info.plist;
				LD_RUNPATH_SEARCH_PATHS = "$(inherited) @executable_path/Frameworks @loader_path/Frameworks";
				PRODUCT_NAME = "$(TARGET_NAME)";
				TEST_HOST = "$(BUILT_PRODUCTS_DIR)/TwitterClone.app/TwitterClone";
			};
			name = Release;
		};
/* End XCBuildConfiguration section */

/* Begin XCConfigurationList section */
		9EC159531B70770A00E4F959 /* Build configuration list for PBXProject "TwitterClone" */ = {
			isa = XCConfigurationList;
			buildConfigurations = (
				9EC159751B70770B00E4F959 /* Debug */,
				9EC159761B70770B00E4F959 /* Release */,
			);
			defaultConfigurationIsVisible = 0;
			defaultConfigurationName = Release;
		};
		9EC159771B70770B00E4F959 /* Build configuration list for PBXNativeTarget "TwitterClone" */ = {
			isa = XCConfigurationList;
			buildConfigurations = (
				9EC159781B70770B00E4F959 /* Debug */,
				9EC159791B70770B00E4F959 /* Release */,
			);
			defaultConfigurationIsVisible = 0;
		};
		9EC1597A1B70770B00E4F959 /* Build configuration list for PBXNativeTarget "TwitterCloneTests" */ = {
			isa = XCConfigurationList;
			buildConfigurations = (
				9EC1597B1B70770B00E4F959 /* Debug */,
				9EC1597C1B70770B00E4F959 /* Release */,
			);
			defaultConfigurationIsVisible = 0;
		};
/* End XCConfigurationList section */
	};
	rootObject = 9EC159501B70770A00E4F959 /* Project object */;
}
